
Microsoft Visual Studio Solution File, Format Version 12.00
# Visual Studio Version 16
VisualStudioVersion = 16.0.30225.117
MinimumVisualStudioVersion = 10.0.40219.1
Project("{FAE04EC0-301F-11D3-BF4B-00C04F79EFBC}") = "MyGuitarBag.Api", "MyGuitarBag.Api\MyGuitarBag.Api.csproj", "{FDD72653-C2E0-4EC9-8774-B7CD1B48F32C}"
EndProject
Project("{FAE04EC0-301F-11D3-BF4B-00C04F79EFBC}") = "MyGuitarBag.Models", "MyGuitarBag.Models\MyGuitarBag.Models.csproj", "{6620F029-454B-48C2-99D3-54D545469A8A}"
EndProject
Project("{FAE04EC0-301F-11D3-BF4B-00C04F79EFBC}") = "MyGuitarBag.Sdk", "MyGuitarBag.Sdk\MyGuitarBag.Sdk.csproj", "{624F93F1-C98A-4B34-9884-E38D80E94643}"
EndProject
Global
	GlobalSection(SolutionConfigurationPlatforms) = preSolution
		Debug|Any CPU = Debug|Any CPU
		Release|Any CPU = Release|Any CPU
	EndGlobalSection
	GlobalSection(ProjectConfigurationPlatforms) = postSolution
		{FDD72653-C2E0-4EC9-8774-B7CD1B48F32C}.Debug|Any CPU.ActiveCfg = Debug|Any CPU
		{FDD72653-C2E0-4EC9-8774-B7CD1B48F32C}.Debug|Any CPU.Build.0 = Debug|Any CPU
		{FDD72653-C2E0-4EC9-8774-B7CD1B48F32C}.Release|Any CPU.ActiveCfg = Release|Any CPU
		{FDD72653-C2E0-4EC9-8774-B7CD1B48F32C}.Release|Any CPU.Build.0 = Release|Any CPU
		{6620F029-454B-48C2-99D3-54D545469A8A}.Debug|Any CPU.ActiveCfg = Debug|Any CPU
		{6620F029-454B-48C2-99D3-54D545469A8A}.Debug|Any CPU.Build.0 = Debug|Any CPU
		{6620F029-454B-48C2-99D3-54D545469A8A}.Release|Any CPU.ActiveCfg = Release|Any CPU
		{6620F029-454B-48C2-99D3-54D545469A8A}.Release|Any CPU.Build.0 = Release|Any CPU
		{624F93F1-C98A-4B34-9884-E38D80E94643}.Debug|Any CPU.ActiveCfg = Debug|Any CPU
		{624F93F1-C98A-4B34-9884-E38D80E94643}.Debug|Any CPU.Build.0 = Debug|Any CPU
		{624F93F1-C98A-4B34-9884-E38D80E94643}.Release|Any CPU.ActiveCfg = Release|Any CPU
		{624F93F1-C98A-4B34-9884-E38D80E94643}.Release|Any CPU.Build.0 = Release|Any CPU
	EndGlobalSection
	GlobalSection(SolutionProperties) = preSolution
		HideSolutionNode = FALSE
	EndGlobalSection
	GlobalSection(ExtensibilityGlobals) = postSolution
		SolutionGuid = {88D3A5EA-9AE5-463B-8495-A266BD997030}
	EndGlobalSection
EndGlobal
